
Microsoft Visual Studio Solution File, Format Version 12.00
# Visual Studio Version 17
VisualStudioVersion = 17.4.33213.308
MinimumVisualStudioVersion = 10.0.40219.1
Project("{FAE04EC0-301F-11D3-BF4B-00C04F79EFBC}") = "lesson-4", "lesson-4\lesson-4.csproj", "{A6C4F5D9-1F39-423E-8130-7FEDD0EEC737}"
EndProject
Global
	GlobalSection(SolutionConfigurationPlatforms) = preSolution
		Debug|Any CPU = Debug|Any CPU
		Release|Any CPU = Release|Any CPU
	EndGlobalSection
	GlobalSection(ProjectConfigurationPlatforms) = postSolution
		{A6C4F5D9-1F39-423E-8130-7FEDD0EEC737}.Debug|Any CPU.ActiveCfg = Debug|Any CPU
		{A6C4F5D9-1F39-423E-8130-7FEDD0EEC737}.Debug|Any CPU.Build.0 = Debug|Any CPU
		{A6C4F5D9-1F39-423E-8130-7FEDD0EEC737}.Release|Any CPU.ActiveCfg = Release|Any CPU
		{A6C4F5D9-1F39-423E-8130-7FEDD0EEC737}.Release|Any CPU.Build.0 = Release|Any CPU
	EndGlobalSection
	GlobalSection(SolutionProperties) = preSolution
		HideSolutionNode = FALSE
	EndGlobalSection
	GlobalSection(ExtensibilityGlobals) = postSolution
		SolutionGuid = {7523C816-955C-4F67-9867-E183CF2F8507}
	EndGlobalSection
EndGlobal
